{
  "nodes": {
    "ci-agent": {
      "inputs": {
        "flake-compat": [
          "flake-compat"
        ],
        "nixos-20_09": [
          "nixos"
        ],
        "nixos-unstable": [
          "override"
        ],
        "pre-commit-hooks-nix": "pre-commit-hooks-nix"
      },
      "locked": {
        "lastModified": 1612619828,
        "narHash": "sha256-4KKvGvK+x9wOxqWDb0FHi11/LOEnQWO34TGPv5UjHwI=",
        "owner": "hercules-ci",
        "repo": "hercules-ci-agent",
        "rev": "41d1fbfd2faa98559b2cad6da5d9c448b0182121",
        "type": "github"
      },
      "original": {
        "owner": "hercules-ci",
        "repo": "hercules-ci-agent",
        "type": "github"
      }
    },
    "deploy": {
      "inputs": {
        "flake-compat": [
          "flake-compat"
        ],
        "naersk": [
          "naersk"
        ],
        "nixpkgs": [
          "override"
        ],
        "utils": [
          "utils"
        ]
      },
      "locked": {
        "lastModified": 1612864896,
        "narHash": "sha256-pbsvxe05kAWJzPeC6fs4t0Mk8mTZs6u/WQDMBqoA5tA=",
        "owner": "serokell",
        "repo": "deploy-rs",
        "rev": "fecc7e723db40c7e056371467275186b3bbb9ef3",
        "type": "github"
      },
      "original": {
        "owner": "serokell",
        "repo": "deploy-rs",
        "type": "github"
      }
    },
    "devshell": {
      "locked": {
        "lastModified": 1613310953,
        "narHash": "sha256-GhAwxJ0Jfsj8LIQmEQylpVkcThUJgPChjo48DZeBQZA=",
        "owner": "numtide",
        "repo": "devshell",
        "rev": "f64db97388dda7c2c6f8fb7aa5d6d08365fb1e01",
        "type": "github"
      },
      "original": {
        "owner": "numtide",
        "repo": "devshell",
        "type": "github"
      }
    },
    "flake-compat": {
      "flake": false,
      "locked": {
        "lastModified": 1606424373,
        "narHash": "sha256-oq8d4//CJOrVj+EcOaSXvMebvuTkmBJuT5tzlfewUnQ=",
        "owner": "edolstra",
        "repo": "flake-compat",
        "rev": "99f1c2157fba4bfe6211a321fd0ee43199025dbf",
        "type": "github"
      },
      "original": {
        "owner": "edolstra",
        "repo": "flake-compat",
        "type": "github"
      }
    },
    "home": {
      "inputs": {
        "nixpkgs": [
          "nixos"
        ]
      },
      "locked": {
        "lastModified": 1613724766,
        "narHash": "sha256-nJU1opMmo6et8gYOGSmVlmD7WVOfCiveFYaoItQkd6o=",
        "owner": "nix-community",
        "repo": "home-manager",
        "rev": "55030c83024bf2d10ff86f3874b91794b9d32722",
        "type": "github"
      },
      "original": {
        "owner": "nix-community",
        "ref": "master",
        "repo": "home-manager",
        "type": "github"
      }
    },
    "mobile-nixos": {
      "locked": {
        "lastModified": 1612424015,
        "narHash": "sha256-fDnu19Vux01DbTZ4jfHf/Xpp+uqMqoaW7Nmkeg9wCaw=",
        "owner": "archseer",
        "repo": "mobile-nixos",
        "rev": "6b4c49cdcb114b3a5c59a90cbda27f7712cbef7f",
        "type": "github"
      },
      "original": {
        "owner": "archseer",
        "ref": "flake-pr",
        "repo": "mobile-nixos",
        "type": "github"
      }
    },
    "naersk": {
      "inputs": {
        "nixpkgs": [
          "override"
        ]
      },
      "locked": {
        "lastModified": 1612192764,
        "narHash": "sha256-7EnLtZQWP6511G1ZPA7FmJlqAr3hWsAYb24tvTvJ/ec=",
        "owner": "nmattia",
        "repo": "naersk",
        "rev": "6e149bfd726a8ebefa415f2d713ba6d942435abd",
        "type": "github"
      },
      "original": {
        "owner": "nmattia",
        "repo": "naersk",
        "type": "github"
      }
    },
    "nixos": {
      "locked": {
        "lastModified": 1612813619,
        "narHash": "sha256-8yGqFXo426Vg4u0L8yXfS/WrgDV4ytMGZQb7SopoZCo=",
        "path": "/nix/store/dxl4kb7jclicnk2mignizz53bk8wl9z4-source",
        "rev": "8c8731330b53ba0061686f36f10f101e662a4717",
        "type": "path"
      },
      "original": {
        "id": "nixpkgs",
        "ref": "nixos-unstable",
        "type": "indirect"
      }
    },
    "nixos-hardware": {
      "locked": {
        "lastModified": 1612644173,
        "narHash": "sha256-uXA2N+3p5OhYaCKjLf6B3IQ2SADvbMdpIoDP+PaurSs=",
        "owner": "nixos",
        "repo": "nixos-hardware",
        "rev": "3657e7c334469370e81d9a6ada1b08e4d82f4597",
        "type": "github"
      },
      "original": {
        "owner": "nixos",
        "repo": "nixos-hardware",
        "type": "github"
      }
    },
    "nur": {
      "locked": {
        "lastModified": 1612702080,
        "narHash": "sha256-lY4n6SkJUEzQzALyOuafQOO4bCR7DuWiseR16tfMuYU=",
        "owner": "nix-community",
        "repo": "NUR",
        "rev": "6f0988f4ea1e39f24e9320bb88e8a16d7fae6590",
        "type": "github"
      },
      "original": {
        "id": "nur",
        "type": "indirect"
      }
    },
    "override": {
      "locked": {
        "lastModified": 1613354882,
        "narHash": "sha256-V3j1rA4a3Lzf5pdbFHzs9jUcOKB91MFO3X8nMY+lK5c=",
        "path": "/nix/store/dxl4kb7jclicnk2mignizz53bk8wl9z4-source",
        "rev": "77ffc4c2413dc4e1d269e1ec65d4b005188f8536",
        "type": "path"
      },
      "original": {
        "id": "nixpkgs",
        "type": "indirect"
      }
    },
    "pre-commit-hooks-nix": {
      "flake": false,
      "locked": {
        "lastModified": 1603721622,
        "narHash": "sha256-tUgyf5eYK5+0A/dvLzbbm4W7icxbpORuFMXiFe5yz+I=",
        "owner": "cachix",
        "repo": "pre-commit-hooks.nix",
        "rev": "efdbd6d28f7f44db3d9f8cf0e0b4cb9db0d259e1",
        "type": "github"
      },
      "original": {
        "owner": "cachix",
        "repo": "pre-commit-hooks.nix",
        "type": "github"
      }
    },
    "root": {
      "inputs": {
        "ci-agent": "ci-agent",
        "deploy": "deploy",
        "devshell": "devshell",
        "flake-compat": "flake-compat",
        "home": "home",
        "mobile-nixos": "mobile-nixos",
        "naersk": "naersk",
        "nixos": "nixos",
        "nixos-hardware": "nixos-hardware",
        "nur": "nur",
        "override": "override",
        "utils": "utils"
      }
    },
    "utils": {
      "locked": {
        "lastModified": 1608663846,
        "narHash": "sha256-YOAXeoNLW0IubQ6AZLGuSj5kAD5n4DYXLYReLtyds1A=",
        "owner": "numtide",
        "repo": "flake-utils",
        "rev": "a68df93a37cd5137ac22ffeb2d8a03acf253cc24",
        "type": "github"
      },
      "original": {
        "owner": "numtide",
        "ref": "flatten-tree-system",
        "repo": "flake-utils",
        "type": "github"
      }
    }
  },
  "root": "root",
  "version": 7
}
